
Microsoft Visual Studio Solution File, Format Version 12.00
# Visual Studio 14
VisualStudioVersion = 14.0.25123.0
MinimumVisualStudioVersion = 10.0.40219.1
Project("{FAE04EC0-301F-11D3-BF4B-00C04F79EFBC}") = "shopingCompareUI", "shopingCompareUI\shopingCompareUI.csproj", "{BFFA090D-B000-4E70-8129-3C4F09C5A45B}"
EndProject
Project("{FAE04EC0-301F-11D3-BF4B-00C04F79EFBC}") = "ShopingLogic", "ShopingLogic\ShopingLogic.csproj", "{180C4862-9AC0-46FB-B8F7-938A4521FEB2}"
EndProject
Global
	GlobalSection(SolutionConfigurationPlatforms) = preSolution
		Debug|Any CPU = Debug|Any CPU
		Release|Any CPU = Release|Any CPU
	EndGlobalSection
	GlobalSection(ProjectConfigurationPlatforms) = postSolution
		{BFFA090D-B000-4E70-8129-3C4F09C5A45B}.Debug|Any CPU.ActiveCfg = Debug|Any CPU
		{BFFA090D-B000-4E70-8129-3C4F09C5A45B}.Debug|Any CPU.Build.0 = Debug|Any CPU
		{BFFA090D-B000-4E70-8129-3C4F09C5A45B}.Release|Any CPU.ActiveCfg = Release|Any CPU
		{BFFA090D-B000-4E70-8129-3C4F09C5A45B}.Release|Any CPU.Build.0 = Release|Any CPU
		{180C4862-9AC0-46FB-B8F7-938A4521FEB2}.Debug|Any CPU.ActiveCfg = Debug|Any CPU
		{180C4862-9AC0-46FB-B8F7-938A4521FEB2}.Debug|Any CPU.Build.0 = Debug|Any CPU
		{180C4862-9AC0-46FB-B8F7-938A4521FEB2}.Release|Any CPU.ActiveCfg = Release|Any CPU
		{180C4862-9AC0-46FB-B8F7-938A4521FEB2}.Release|Any CPU.Build.0 = Release|Any CPU
	EndGlobalSection
	GlobalSection(SolutionProperties) = preSolution
		HideSolutionNode = FALSE
	EndGlobalSection
EndGlobal
